
Microsoft Visual Studio Solution File, Format Version 12.00
# Visual Studio Version 17
VisualStudioVersion = 17.10.35201.131
MinimumVisualStudioVersion = 10.0.40219.1
Project("{9A19103F-16F7-4668-BE54-9A1E7A4F7556}") = "Deco.Main", "DecoRun\Deco.Main.csproj", "{2B60513C-1879-4679-AB77-A2D67E5D840F}"
EndProject
Project("{9A19103F-16F7-4668-BE54-9A1E7A4F7556}") = "Deco.Shared", "Deco.Shared\Deco.Shared.csproj", "{863DD44C-F085-403D-B0D0-DE4250F6F5E6}"
EndProject
Project("{FAE04EC0-301F-11D3-BF4B-00C04F79EFBC}") = "Deco.Infrastructure", "Deco.Infrastructure\Deco.Infrastructure.csproj", "{A202F9EF-979C-43D3-8136-E04010B2B164}"
EndProject
Global
	GlobalSection(SolutionConfigurationPlatforms) = preSolution
		Debug|Any CPU = Debug|Any CPU
		Release|Any CPU = Release|Any CPU
	EndGlobalSection
	GlobalSection(ProjectConfigurationPlatforms) = postSolution
		{2B60513C-1879-4679-AB77-A2D67E5D840F}.Debug|Any CPU.ActiveCfg = Debug|Any CPU
		{2B60513C-1879-4679-AB77-A2D67E5D840F}.Debug|Any CPU.Build.0 = Debug|Any CPU
		{2B60513C-1879-4679-AB77-A2D67E5D840F}.Release|Any CPU.ActiveCfg = Release|Any CPU
		{2B60513C-1879-4679-AB77-A2D67E5D840F}.Release|Any CPU.Build.0 = Release|Any CPU
		{863DD44C-F085-403D-B0D0-DE4250F6F5E6}.Debug|Any CPU.ActiveCfg = Debug|Any CPU
		{863DD44C-F085-403D-B0D0-DE4250F6F5E6}.Debug|Any CPU.Build.0 = Debug|Any CPU
		{863DD44C-F085-403D-B0D0-DE4250F6F5E6}.Release|Any CPU.ActiveCfg = Release|Any CPU
		{863DD44C-F085-403D-B0D0-DE4250F6F5E6}.Release|Any CPU.Build.0 = Release|Any CPU
		{A202F9EF-979C-43D3-8136-E04010B2B164}.Debug|Any CPU.ActiveCfg = Debug|Any CPU
		{A202F9EF-979C-43D3-8136-E04010B2B164}.Debug|Any CPU.Build.0 = Debug|Any CPU
		{A202F9EF-979C-43D3-8136-E04010B2B164}.Release|Any CPU.ActiveCfg = Release|Any CPU
		{A202F9EF-979C-43D3-8136-E04010B2B164}.Release|Any CPU.Build.0 = Release|Any CPU
	EndGlobalSection
	GlobalSection(SolutionProperties) = preSolution
		HideSolutionNode = FALSE
	EndGlobalSection
	GlobalSection(ExtensibilityGlobals) = postSolution
		SolutionGuid = {C983D6DF-ED7A-47DA-AB39-7AE19AC88CCC}
	EndGlobalSection
EndGlobal
